github.com/pseudonative/DevelopmentGo/GoWorkspace/src/exercises/rest-api-server v0.0.0-20231201164746-6931e6d8e06c h1:9eYchuA/JCsf1xg1hNxAXAjGioAMeIdEMNr8urS4zsQ=
github.com/pseudonative/DevelopmentGo/GoWorkspace/src/exercises/rest-api-server v0.0.0-20231201164746-6931e6d8e06c/go.mod h1:LYqxffF2LHFODG/Ln51frwQT5kKReOtACpZFi265oyg=
